{
  "name": "stackoverflow-badge",
  "version": "1.0.0",
  "lockfileVersion": 2,
  "requires": true,
  "packages": {
    "": {
      "name": "stackoverflow-badge",
      "version": "1.0.0",
      "dependencies": {
        "@actions/core": "^1.9.1",
        "thingiverse-js": "^1.0.1"
      }
    },
    "node_modules/@actions/core": {
      "version": "1.9.1",
      "license": "MIT",
      "dependencies": {
        "@actions/http-client": "^2.0.1",
        "uuid": "^8.3.2"
      }
    },
    "node_modules/@actions/http-client": {
      "version": "2.0.1",
      "license": "MIT",
      "dependencies": {
        "tunnel": "^0.0.6"
      }
    },
    "node_modules/@sindresorhus/is": {
      "version": "0.7.0",
      "license": "MIT",
      "engines": {
        "node": ">=4"
      }
    },
    "node_modules/asynckit": {
      "version": "0.4.0",
      "license": "MIT"
    },
    "node_modules/cacheable-request": {
      "version": "2.1.4",
      "license": "MIT",
      "dependencies": {
        "clone-response": "1.0.2",
        "get-stream": "3.0.0",
        "http-cache-semantics": "3.8.1",
        "keyv": "3.0.0",
        "lowercase-keys": "1.0.0",
        "normalize-url": "2.0.1",
        "responselike": "1.0.2"
      }
    },
    "node_modules/cacheable-request/node_modules/lowercase-keys": {
      "version": "1.0.0",
      "license": "MIT",
      "engines": {
        "node": ">=0.10.0"
      }
    },
    "node_modules/clone-response": {
      "version": "1.0.2",
      "license": "MIT",
      "dependencies": {
        "mimic-response": "^1.0.0"
      }
    },
    "node_modules/combined-stream": {
      "version": "1.0.8",
      "license": "MIT",
      "dependencies": {
        "delayed-stream": "~1.0.0"
      },
      "engines": {
        "node": ">= 0.8"
      }
    },
    "node_modules/core-util-is": {
      "version": "1.0.3",
      "license": "MIT"
    },
    "node_modules/decode-uri-component": {
      "version": "0.2.0",
      "license": "MIT",
      "engines": {
        "node": ">=0.10"
      }
    },
    "node_modules/decompress-response": {
      "version": "3.3.0",
      "license": "MIT",
      "dependencies": {
        "mimic-response": "^1.0.0"
      },
      "engines": {
        "node": ">=4"
      }
    },
    "node_modules/delayed-stream": {
      "version": "1.0.0",
      "license": "MIT",
      "engines": {
        "node": ">=0.4.0"
      }
    },
    "node_modules/duplexer3": {
      "version": "0.1.5",
      "license": "BSD-3-Clause"
    },
    "node_modules/form-data": {
      "version": "2.5.1",
      "license": "MIT",
      "dependencies": {
        "asynckit": "^0.4.0",
        "combined-stream": "^1.0.6",
        "mime-types": "^2.1.12"
      },
      "engines": {
        "node": ">= 0.12"
      }
    },
    "node_modules/from2": {
      "version": "2.3.0",
      "license": "MIT",
      "dependencies": {
        "inherits": "^2.0.1",
        "readable-stream": "^2.0.0"
      }
    },
    "node_modules/get-stream": {
      "version": "3.0.0",
      "license": "MIT",
      "engines": {
        "node": ">=4"
      }
    },
    "node_modules/got": {
      "version": "8.3.2",
      "license": "MIT",
      "dependencies": {
        "@sindresorhus/is": "^0.7.0",
        "cacheable-request": "^2.1.1",
        "decompress-response": "^3.3.0",
        "duplexer3": "^0.1.4",
        "get-stream": "^3.0.0",
        "into-stream": "^3.1.0",
        "is-retry-allowed": "^1.1.0",
        "isurl": "^1.0.0-alpha5",
        "lowercase-keys": "^1.0.0",
        "mimic-response": "^1.0.0",
        "p-cancelable": "^0.4.0",
        "p-timeout": "^2.0.1",
        "pify": "^3.0.0",
        "safe-buffer": "^5.1.1",
        "timed-out": "^4.0.1",
        "url-parse-lax": "^3.0.0",
        "url-to-options": "^1.0.1"
      },
      "engines": {
        "node": ">=4"
      }
    },
    "node_modules/has-symbol-support-x": {
      "version": "1.4.2",
      "license": "MIT",
      "engines": {
        "node": "*"
      }
    },
    "node_modules/has-to-string-tag-x": {
      "version": "1.4.1",
      "license": "MIT",
      "dependencies": {
        "has-symbol-support-x": "^1.4.1"
      },
      "engines": {
        "node": "*"
      }
    },
    "node_modules/http-cache-semantics": {
      "version": "3.8.1",
      "license": "BSD-2-Clause"
    },
    "node_modules/inherits": {
      "version": "2.0.4",
      "license": "ISC"
    },
    "node_modules/into-stream": {
      "version": "3.1.0",
      "license": "MIT",
      "dependencies": {
        "from2": "^2.1.1",
        "p-is-promise": "^1.1.0"
      },
      "engines": {
        "node": ">=4"
      }
    },
    "node_modules/is-object": {
      "version": "1.0.2",
      "license": "MIT",
      "funding": {
        "url": "https://github.com/sponsors/ljharb"
      }
    },
    "node_modules/is-plain-obj": {
      "version": "1.1.0",
      "license": "MIT",
      "engines": {
        "node": ">=0.10.0"
      }
    },
    "node_modules/is-retry-allowed": {
      "version": "1.2.0",
      "license": "MIT",
      "engines": {
        "node": ">=0.10.0"
      }
    },
    "node_modules/isarray": {
      "version": "1.0.0",
      "license": "MIT"
    },
    "node_modules/isurl": {
      "version": "1.0.0",
      "license": "MIT",
      "dependencies": {
        "has-to-string-tag-x": "^1.2.0",
        "is-object": "^1.0.1"
      },
      "engines": {
        "node": ">= 4"
      }
    },
    "node_modules/json-buffer": {
      "version": "3.0.0",
      "license": "MIT"
    },
    "node_modules/keyv": {
      "version": "3.0.0",
      "license": "MIT",
      "dependencies": {
        "json-buffer": "3.0.0"
      }
    },
    "node_modules/lodash": {
      "version": "4.17.21",
      "license": "MIT"
    },
    "node_modules/lowercase-keys": {
      "version": "1.0.1",
      "license": "MIT",
      "engines": {
        "node": ">=0.10.0"
      }
    },
    "node_modules/mime-db": {
      "version": "1.52.0",
      "license": "MIT",
      "engines": {
        "node": ">= 0.6"
      }
    },
    "node_modules/mime-types": {
      "version": "2.1.35",
      "license": "MIT",
      "dependencies": {
        "mime-db": "1.52.0"
      },
      "engines": {
        "node": ">= 0.6"
      }
    },
    "node_modules/mimic-response": {
      "version": "1.0.1",
      "license": "MIT",
      "engines": {
        "node": ">=4"
      }
    },
    "node_modules/normalize-url": {
      "version": "2.0.1",
      "license": "MIT",
      "dependencies": {
        "prepend-http": "^2.0.0",
        "query-string": "^5.0.1",
        "sort-keys": "^2.0.0"
      },
      "engines": {
        "node": ">=4"
      }
    },
    "node_modules/object-assign": {
      "version": "4.1.1",
      "license": "MIT",
      "engines": {
        "node": ">=0.10.0"
      }
    },
    "node_modules/p-cancelable": {
      "version": "0.4.1",
      "license": "MIT",
      "engines": {
        "node": ">=4"
      }
    },
    "node_modules/p-finally": {
      "version": "1.0.0",
      "license": "MIT",
      "engines": {
        "node": ">=4"
      }
    },
    "node_modules/p-is-promise": {
      "version": "1.1.0",
      "license": "MIT",
      "engines": {
        "node": ">=4"
      }
    },
    "node_modules/p-timeout": {
      "version": "2.0.1",
      "license": "MIT",
      "dependencies": {
        "p-finally": "^1.0.0"
      },
      "engines": {
        "node": ">=4"
      }
    },
    "node_modules/pify": {
      "version": "3.0.0",
      "license": "MIT",
      "engines": {
        "node": ">=4"
      }
    },
    "node_modules/prepend-http": {
      "version": "2.0.0",
      "license": "MIT",
      "engines": {
        "node": ">=4"
      }
    },
    "node_modules/process-nextick-args": {
      "version": "2.0.1",
      "license": "MIT"
    },
    "node_modules/query-string": {
      "version": "5.1.1",
      "license": "MIT",
      "dependencies": {
        "decode-uri-component": "^0.2.0",
        "object-assign": "^4.1.0",
        "strict-uri-encode": "^1.0.0"
      },
      "engines": {
        "node": ">=0.10.0"
      }
    },
    "node_modules/readable-stream": {
      "version": "2.3.7",
      "license": "MIT",
      "dependencies": {
        "core-util-is": "~1.0.0",
        "inherits": "~2.0.3",
        "isarray": "~1.0.0",
        "process-nextick-args": "~2.0.0",
        "safe-buffer": "~5.1.1",
        "string_decoder": "~1.1.1",
        "util-deprecate": "~1.0.1"
      }
    },
    "node_modules/readable-stream/node_modules/safe-buffer": {
      "version": "5.1.2",
      "license": "MIT"
    },
    "node_modules/responselike": {
      "version": "1.0.2",
      "license": "MIT",
      "dependencies": {
        "lowercase-keys": "^1.0.0"
      }
    },
    "node_modules/safe-buffer": {
      "version": "5.2.1",
      "funding": [
        {
          "type": "github",
          "url": "https://github.com/sponsors/feross"
        },
        {
          "type": "patreon",
          "url": "https://www.patreon.com/feross"
        },
        {
          "type": "consulting",
          "url": "https://feross.org/support"
        }
      ],
      "license": "MIT"
    },
    "node_modules/sort-keys": {
      "version": "2.0.0",
      "license": "MIT",
      "dependencies": {
        "is-plain-obj": "^1.0.0"
      },
      "engines": {
        "node": ">=4"
      }
    },
    "node_modules/strict-uri-encode": {
      "version": "1.1.0",
      "license": "MIT",
      "engines": {
        "node": ">=0.10.0"
      }
    },
    "node_modules/string_decoder": {
      "version": "1.1.1",
      "license": "MIT",
      "dependencies": {
        "safe-buffer": "~5.1.0"
      }
    },
    "node_modules/string_decoder/node_modules/safe-buffer": {
      "version": "5.1.2",
      "license": "MIT"
    },
    "node_modules/thingiverse-js": {
      "version": "1.0.1",
      "license": "MIT",
      "dependencies": {
        "form-data": "^2.1.2",
        "got": "^8.3.0",
        "lodash": "^4.17.4"
      }
    },
    "node_modules/timed-out": {
      "version": "4.0.1",
      "license": "MIT",
      "engines": {
        "node": ">=0.10.0"
      }
    },
    "node_modules/tunnel": {
      "version": "0.0.6",
      "license": "MIT",
      "engines": {
        "node": ">=0.6.11 <=0.7.0 || >=0.7.3"
      }
    },
    "node_modules/url-parse-lax": {
      "version": "3.0.0",
      "license": "MIT",
      "dependencies": {
        "prepend-http": "^2.0.0"
      },
      "engines": {
        "node": ">=4"
      }
    },
    "node_modules/url-to-options": {
      "version": "1.0.1",
      "license": "MIT",
      "engines": {
        "node": ">= 4"
      }
    },
    "node_modules/util-deprecate": {
      "version": "1.0.2",
      "license": "MIT"
    },
    "node_modules/uuid": {
      "version": "8.3.2",
      "license": "MIT",
      "bin": {
        "uuid": "dist/bin/uuid"
      }
    }
  },
  "dependencies": {
    "@actions/core": {
      "version": "1.9.1",
      "requires": {
        "@actions/http-client": "^2.0.1",
        "uuid": "^8.3.2"
      }
    },
    "@actions/http-client": {
      "version": "2.0.1",
      "requires": {
        "tunnel": "^0.0.6"
      }
    },
    "@sindresorhus/is": {
      "version": "0.7.0"
    },
    "asynckit": {
      "version": "0.4.0"
    },
    "cacheable-request": {
      "version": "2.1.4",
      "requires": {
        "clone-response": "1.0.2",
        "get-stream": "3.0.0",
        "http-cache-semantics": "3.8.1",
        "keyv": "3.0.0",
        "lowercase-keys": "1.0.0",
        "normalize-url": "2.0.1",
        "responselike": "1.0.2"
      },
      "dependencies": {
        "lowercase-keys": {
          "version": "1.0.0"
        }
      }
    },
    "clone-response": {
      "version": "1.0.2",
      "requires": {
        "mimic-response": "^1.0.0"
      }
    },
    "combined-stream": {
      "version": "1.0.8",
      "requires": {
        "delayed-stream": "~1.0.0"
      }
    },
    "core-util-is": {
      "version": "1.0.3"
    },
    "decode-uri-component": {
      "version": "0.2.0"
    },
    "decompress-response": {
      "version": "3.3.0",
      "requires": {
        "mimic-response": "^1.0.0"
      }
    },
    "delayed-stream": {
      "version": "1.0.0"
    },
    "duplexer3": {
      "version": "0.1.5"
    },
    "form-data": {
      "version": "2.5.1",
      "requires": {
        "asynckit": "^0.4.0",
        "combined-stream": "^1.0.6",
        "mime-types": "^2.1.12"
      }
    },
    "from2": {
      "version": "2.3.0",
      "requires": {
        "inherits": "^2.0.1",
        "readable-stream": "^2.0.0"
      }
    },
    "get-stream": {
      "version": "3.0.0"
    },
    "got": {
      "version": "8.3.2",
      "requires": {
        "@sindresorhus/is": "^0.7.0",
        "cacheable-request": "^2.1.1",
        "decompress-response": "^3.3.0",
        "duplexer3": "^0.1.4",
        "get-stream": "^3.0.0",
        "into-stream": "^3.1.0",
        "is-retry-allowed": "^1.1.0",
        "isurl": "^1.0.0-alpha5",
        "lowercase-keys": "^1.0.0",
        "mimic-response": "^1.0.0",
        "p-cancelable": "^0.4.0",
        "p-timeout": "^2.0.1",
        "pify": "^3.0.0",
        "safe-buffer": "^5.1.1",
        "timed-out": "^4.0.1",
        "url-parse-lax": "^3.0.0",
        "url-to-options": "^1.0.1"
      }
    },
    "has-symbol-support-x": {
      "version": "1.4.2"
    },
    "has-to-string-tag-x": {
      "version": "1.4.1",
      "requires": {
        "has-symbol-support-x": "^1.4.1"
      }
    },
    "http-cache-semantics": {
      "version": "3.8.1"
    },
    "inherits": {
      "version": "2.0.4"
    },
    "into-stream": {
      "version": "3.1.0",
      "requires": {
        "from2": "^2.1.1",
        "p-is-promise": "^1.1.0"
      }
    },
    "is-object": {
      "version": "1.0.2"
    },
    "is-plain-obj": {
      "version": "1.1.0"
    },
    "is-retry-allowed": {
      "version": "1.2.0"
    },
    "isarray": {
      "version": "1.0.0"
    },
    "isurl": {
      "version": "1.0.0",
      "requires": {
        "has-to-string-tag-x": "^1.2.0",
        "is-object": "^1.0.1"
      }
    },
    "json-buffer": {
      "version": "3.0.0"
    },
    "keyv": {
      "version": "3.0.0",
      "requires": {
        "json-buffer": "3.0.0"
      }
    },
    "lodash": {
      "version": "4.17.21"
    },
    "lowercase-keys": {
      "version": "1.0.1"
    },
    "mime-db": {
      "version": "1.52.0"
    },
    "mime-types": {
      "version": "2.1.35",
      "requires": {
        "mime-db": "1.52.0"
      }
    },
    "mimic-response": {
      "version": "1.0.1"
    },
    "normalize-url": {
      "version": "2.0.1",
      "requires": {
        "prepend-http": "^2.0.0",
        "query-string": "^5.0.1",
        "sort-keys": "^2.0.0"
      }
    },
    "object-assign": {
      "version": "4.1.1"
    },
    "p-cancelable": {
      "version": "0.4.1"
    },
    "p-finally": {
      "version": "1.0.0"
    },
    "p-is-promise": {
      "version": "1.1.0"
    },
    "p-timeout": {
      "version": "2.0.1",
      "requires": {
        "p-finally": "^1.0.0"
      }
    },
    "pify": {
      "version": "3.0.0"
    },
    "prepend-http": {
      "version": "2.0.0"
    },
    "process-nextick-args": {
      "version": "2.0.1"
    },
    "query-string": {
      "version": "5.1.1",
      "requires": {
        "decode-uri-component": "^0.2.0",
        "object-assign": "^4.1.0",
        "strict-uri-encode": "^1.0.0"
      }
    },
    "readable-stream": {
      "version": "2.3.7",
      "requires": {
        "core-util-is": "~1.0.0",
        "inherits": "~2.0.3",
        "isarray": "~1.0.0",
        "process-nextick-args": "~2.0.0",
        "safe-buffer": "~5.1.1",
        "string_decoder": "~1.1.1",
        "util-deprecate": "~1.0.1"
      },
      "dependencies": {
        "safe-buffer": {
          "version": "5.1.2"
        }
      }
    },
    "responselike": {
      "version": "1.0.2",
      "requires": {
        "lowercase-keys": "^1.0.0"
      }
    },
    "safe-buffer": {
      "version": "5.2.1"
    },
    "sort-keys": {
      "version": "2.0.0",
      "requires": {
        "is-plain-obj": "^1.0.0"
      }
    },
    "strict-uri-encode": {
      "version": "1.1.0"
    },
    "string_decoder": {
      "version": "1.1.1",
      "requires": {
        "safe-buffer": "~5.1.0"
      },
      "dependencies": {
        "safe-buffer": {
          "version": "5.1.2"
        }
      }
    },
    "thingiverse-js": {
      "version": "1.0.1",
      "requires": {
        "form-data": "^2.1.2",
        "got": "^8.3.0",
        "lodash": "^4.17.4"
      }
    },
    "timed-out": {
      "version": "4.0.1"
    },
    "tunnel": {
      "version": "0.0.6"
    },
    "url-parse-lax": {
      "version": "3.0.0",
      "requires": {
        "prepend-http": "^2.0.0"
      }
    },
    "url-to-options": {
      "version": "1.0.1"
    },
    "util-deprecate": {
      "version": "1.0.2"
    },
    "uuid": {
      "version": "8.3.2"
    }
  }
}
